
Microsoft Visual Studio Solution File, Format Version 12.00
# Visual Studio Version 17
VisualStudioVersion = 17.11.35222.181
MinimumVisualStudioVersion = 10.0.40219.1
Project("{FAE04EC0-301F-11D3-BF4B-00C04F79EFBC}") = "MyWpfControl", "MyWpfControl\MyWpfControl.csproj", "{6B7DBB07-0B4C-492D-9D47-F378F280C82A}"
EndProject
Project("{8BC9CEB8-8B4A-11D0-8D11-00A0C91BC942}") = "MFCHostApp", "MFCHostApp\MFCHostApp.vcxproj", "{851CD3CB-F12B-406D-A8D2-A8D16CFC7002}"
EndProject
Global
	GlobalSection(SolutionConfigurationPlatforms) = preSolution
		Debug|Any CPU = Debug|Any CPU
		Debug|x64 = Debug|x64
		Debug|x86 = Debug|x86
		Release|Any CPU = Release|Any CPU
		Release|x64 = Release|x64
		Release|x86 = Release|x86
	EndGlobalSection
	GlobalSection(ProjectConfigurationPlatforms) = postSolution
		{6B7DBB07-0B4C-492D-9D47-F378F280C82A}.Debug|Any CPU.ActiveCfg = Debug|Any CPU
		{6B7DBB07-0B4C-492D-9D47-F378F280C82A}.Debug|Any CPU.Build.0 = Debug|Any CPU
		{6B7DBB07-0B4C-492D-9D47-F378F280C82A}.Debug|x64.ActiveCfg = Debug|Any CPU
		{6B7DBB07-0B4C-492D-9D47-F378F280C82A}.Debug|x64.Build.0 = Debug|Any CPU
		{6B7DBB07-0B4C-492D-9D47-F378F280C82A}.Debug|x86.ActiveCfg = Debug|Any CPU
		{6B7DBB07-0B4C-492D-9D47-F378F280C82A}.Debug|x86.Build.0 = Debug|Any CPU
		{6B7DBB07-0B4C-492D-9D47-F378F280C82A}.Release|Any CPU.ActiveCfg = Release|Any CPU
		{6B7DBB07-0B4C-492D-9D47-F378F280C82A}.Release|Any CPU.Build.0 = Release|Any CPU
		{6B7DBB07-0B4C-492D-9D47-F378F280C82A}.Release|x64.ActiveCfg = Release|Any CPU
		{6B7DBB07-0B4C-492D-9D47-F378F280C82A}.Release|x64.Build.0 = Release|Any CPU
		{6B7DBB07-0B4C-492D-9D47-F378F280C82A}.Release|x86.ActiveCfg = Release|Any CPU
		{6B7DBB07-0B4C-492D-9D47-F378F280C82A}.Release|x86.Build.0 = Release|Any CPU
		{851CD3CB-F12B-406D-A8D2-A8D16CFC7002}.Debug|Any CPU.ActiveCfg = Debug|x64
		{851CD3CB-F12B-406D-A8D2-A8D16CFC7002}.Debug|Any CPU.Build.0 = Debug|x64
		{851CD3CB-F12B-406D-A8D2-A8D16CFC7002}.Debug|x64.ActiveCfg = Debug|x64
		{851CD3CB-F12B-406D-A8D2-A8D16CFC7002}.Debug|x64.Build.0 = Debug|x64
		{851CD3CB-F12B-406D-A8D2-A8D16CFC7002}.Debug|x86.ActiveCfg = Debug|Win32
		{851CD3CB-F12B-406D-A8D2-A8D16CFC7002}.Debug|x86.Build.0 = Debug|Win32
		{851CD3CB-F12B-406D-A8D2-A8D16CFC7002}.Release|Any CPU.ActiveCfg = Release|x64
		{851CD3CB-F12B-406D-A8D2-A8D16CFC7002}.Release|Any CPU.Build.0 = Release|x64
		{851CD3CB-F12B-406D-A8D2-A8D16CFC7002}.Release|x64.ActiveCfg = Release|x64
		{851CD3CB-F12B-406D-A8D2-A8D16CFC7002}.Release|x64.Build.0 = Release|x64
		{851CD3CB-F12B-406D-A8D2-A8D16CFC7002}.Release|x86.ActiveCfg = Release|Win32
		{851CD3CB-F12B-406D-A8D2-A8D16CFC7002}.Release|x86.Build.0 = Release|Win32
	EndGlobalSection
	GlobalSection(SolutionProperties) = preSolution
		HideSolutionNode = FALSE
	EndGlobalSection
	GlobalSection(ExtensibilityGlobals) = postSolution
		SolutionGuid = {7474977B-3FF4-4102-B397-DD25642727CD}
	EndGlobalSection
EndGlobal
